
Microsoft Visual Studio Solution File, Format Version 12.00
# Visual Studio Version 16
VisualStudioVersion = 16.0.31321.278
MinimumVisualStudioVersion = 10.0.40219.1
Project("{FAE04EC0-301F-11D3-BF4B-00C04F79EFBC}") = "Практика", "Практика\Практика.csproj", "{A546829B-1CE5-4736-A0B1-C2C48F1CCC46}"
EndProject
Project("{FAE04EC0-301F-11D3-BF4B-00C04F79EFBC}") = "ConnDBDLL", "ConnDBDLL\ConnDBDLL.csproj", "{F97DFBD3-0617-4F1B-9555-96FD348C78E8}"
EndProject
Global
	GlobalSection(SolutionConfigurationPlatforms) = preSolution
		Debug|Any CPU = Debug|Any CPU
		Release|Any CPU = Release|Any CPU
	EndGlobalSection
	GlobalSection(ProjectConfigurationPlatforms) = postSolution
		{A546829B-1CE5-4736-A0B1-C2C48F1CCC46}.Debug|Any CPU.ActiveCfg = Debug|Any CPU
		{A546829B-1CE5-4736-A0B1-C2C48F1CCC46}.Debug|Any CPU.Build.0 = Debug|Any CPU
		{A546829B-1CE5-4736-A0B1-C2C48F1CCC46}.Release|Any CPU.ActiveCfg = Release|Any CPU
		{A546829B-1CE5-4736-A0B1-C2C48F1CCC46}.Release|Any CPU.Build.0 = Release|Any CPU
		{F97DFBD3-0617-4F1B-9555-96FD348C78E8}.Debug|Any CPU.ActiveCfg = Debug|Any CPU
		{F97DFBD3-0617-4F1B-9555-96FD348C78E8}.Debug|Any CPU.Build.0 = Debug|Any CPU
		{F97DFBD3-0617-4F1B-9555-96FD348C78E8}.Release|Any CPU.ActiveCfg = Release|Any CPU
		{F97DFBD3-0617-4F1B-9555-96FD348C78E8}.Release|Any CPU.Build.0 = Release|Any CPU
	EndGlobalSection
	GlobalSection(SolutionProperties) = preSolution
		HideSolutionNode = FALSE
	EndGlobalSection
	GlobalSection(ExtensibilityGlobals) = postSolution
		SolutionGuid = {9EBA8D64-AF92-4F0A-9380-AA5CEF17B477}
	EndGlobalSection
EndGlobal
